// !$*UTF8*$!
{
	archiveVersion = 1;
	classes = {
	};
	objectVersion = 60;
	objects = {

/* Begin PBXBuildFile section */
		2FAD9763203C412B000D30F8 /* config.xml in Resources */ = {isa = PBXBuildFile; fileRef = 2FAD9762203C412B000D30F8 /* config.xml */; };
		4D22ABE92AF431CB00220026 /* CapApp-SPM in Frameworks */ = {isa = PBXBuildFile; productRef = 4D22ABE82AF431CB00220026 /* CapApp-SPM */; };
		50379B232058CBB4000EE86E /* capacitor.config.json in Resources */ = {isa = PBXBuildFile; fileRef = 50379B222058CBB4000EE86E /* capacitor.config.json */; };
		504EC3081FED79650016851F /* AppDelegate.swift in Sources */ = {isa = PBXBuildFile; fileRef = 504EC3071FED79650016851F /* AppDelegate.swift */; };
		AA1000000000000000000012 /* RoomModelViewController.swift in Sources */ = {isa = PBXBuildFile; fileRef = AA1000000000000000000011 /* RoomModelViewController.swift */; };
		AA1000000000000000000008 /* MainViewController.swift in Sources */ = {isa = PBXBuildFile; fileRef = AA1000000000000000000007 /* MainViewController.swift */; };
		AA1000000000000000000006 /* RoomScanViewController.swift in Sources */ = {isa = PBXBuildFile; fileRef = AA1000000000000000000005 /* RoomScanViewController.swift */; };
		AA1000000000000000000004 /* RoomScanPlugin.swift in Sources */ = {isa = PBXBuildFile; fileRef = AA1000000000000000000003 /* RoomScanPlugin.swift */; };
		AA1000000000000000000002 /* SpeakerPlugin.swift in Sources */ = {isa = PBXBuildFile; fileRef = AA1000000000000000000001 /* SpeakerPlugin.swift */; };
		504EC30D1FED79650016851F /* Main.storyboard in Resources */ = {isa = PBXBuildFile; fileRef = 504EC30B1FED79650016851F /* Main.storyboard */; };
		504EC30F1FED79650016851F /* Assets.xcassets in Resources */ = {isa = PBXBuildFile; fileRef = 504EC30E1FED79650016851F /* Assets.xcassets */; };
		504EC3121FED79650016851F /* LaunchScreen.storyboard in Resources */ = {isa = PBXBuildFile; fileRef = 504EC3101FED79650016851F /* LaunchScreen.storyboard */; };
		50B271D11FEDC1A000F3C39B /* public in Resources */ = {isa = PBXBuildFile; fileRef = 50B271D01FEDC1A000F3C39B /* public */; };
		9582B6832FE993A70072D4E8 /* SceneDelegate.swift in Sources */ = {isa = PBXBuildFile; fileRef = 9582B6822FE993A50072D4E8 /* SceneDelegate.swift */; };
		55646811E1DCA8B34AA70BDD /* API.swift in Sources */ = {isa = PBXBuildFile; fileRef = FC75A46A7D7D09F20DEC6972 /* API.swift */; };
		0AED486DC5028236E648FC8C /* Models.swift in Sources */ = {isa = PBXBuildFile; fileRef = D40DA283790D758CFDE43C9C /* Models.swift */; };
		3F221149ED8B96410B355E05 /* AppShell.swift in Sources */ = {isa = PBXBuildFile; fileRef = 87AD402C01E25EF3FF581E18 /* AppShell.swift */; };
		FD00F5AE1C3495665FE8774D /* ProjectsView.swift in Sources */ = {isa = PBXBuildFile; fileRef = D1575A16D2C6E67C4FD1FB80 /* ProjectsView.swift */; };
		402C927B6946ED8278903114 /* RoomDetailView.swift in Sources */ = {isa = PBXBuildFile; fileRef = FACEA5C22986924A3F421EC5 /* RoomDetailView.swift */; };
		5FDE153B1C86FC0F926EC270 /* DiagnosticsView.swift in Sources */ = {isa = PBXBuildFile; fileRef = 44C52F5EDD0DD3E462D8A2FA /* DiagnosticsView.swift */; };
		616B677340640888E918E2E0 /* WebScreen.swift in Sources */ = {isa = PBXBuildFile; fileRef = E172AD5B231606B7F2A6BC71 /* WebScreen.swift */; };
		TW11L10BUILD00000000FIL0 /* TwilioVoice in Frameworks */ = {isa = PBXBuildFile; productRef = TW11L10PROD000000000DEP0 /* TwilioVoice */; };
		CA222D1BB6E2CDD8B11B84EC /* Theme.swift in Sources */ = {isa = PBXBuildFile; fileRef = 3FD9F04AB53B52854089E5C1 /* Theme.swift */; };
		52763D817DEF74CB401D10C3 /* CallManager.swift in Sources */ = {isa = PBXBuildFile; fileRef = EDAFC13BEDFB912C801339B0 /* CallManager.swift */; };
		FC777ADF70B94B6444C032C5 /* PhoneView.swift in Sources */ = {isa = PBXBuildFile; fileRef = 757B8D35348C20F44D2EE482 /* PhoneView.swift */; };
		0ABAB67263690A05807B70AB /* CustomersView.swift in Sources */ = {isa = PBXBuildFile; fileRef = 2AAADD4F5029CE28A6DF7237 /* CustomersView.swift */; };
		134C11B1F11F4454AB0698EE /* ScanView.swift in Sources */ = {isa = PBXBuildFile; fileRef = 0A0B83FB695A83FEF3FDE977 /* ScanView.swift */; };
		805AB54A03F19C368F45A962 /* MoreView.swift in Sources */ = {isa = PBXBuildFile; fileRef = 12F840D6CFE328A3196F454A /* MoreView.swift */; };
		7C262F10406210A42BAD7978 /* ScanPayload.swift in Sources */ = {isa = PBXBuildFile; fileRef = 29FD551C4630FED0B9EE0D88 /* ScanPayload.swift */; };
		24FF0A017B0B1CA0B8BECB02 /* CaptureFlow.swift in Sources */ = {isa = PBXBuildFile; fileRef = 432C81BFDBB37384FDC61E00 /* CaptureFlow.swift */; };
		0C4F950F2542A6B30DF173DA /* HomeView.swift in Sources */ = {isa = PBXBuildFile; fileRef = 5B1C0B433DDDE917A7C6AC3D /* HomeView.swift */; };
		31A8258D875E33BB7511747F /* CreateForms.swift in Sources */ = {isa = PBXBuildFile; fileRef = F63622FE8793B5A476929ED7 /* CreateForms.swift */; };
		475D5E68C8633C0C64637823 /* FloorPlanGeometry.swift in Sources */ = {isa = PBXBuildFile; fileRef = F9B25A1B7241CCF44839BD02 /* FloorPlanGeometry.swift */; };
		AD66A2149BF48377B7A57F6F /* FloorPlanView.swift in Sources */ = {isa = PBXBuildFile; fileRef = 41B8A9CECEF6CE11AF6CB285 /* FloorPlanView.swift */; };
		B04A0E7F239D06D3D2AA1BC0 /* ScanQueue.swift in Sources */ = {isa = PBXBuildFile; fileRef = CAD833D37CF40538753EFB53 /* ScanQueue.swift */; };
		3B674CE72195DBA3AC0A30FC /* MessagesView.swift in Sources */ = {isa = PBXBuildFile; fileRef = 75FD274D3B1E386EF7CE9B09 /* MessagesView.swift */; };
		2D277D737730CF7EA57AD969 /* RoomPhotos.swift in Sources */ = {isa = PBXBuildFile; fileRef = D656561111C08EA37D97551A /* RoomPhotos.swift */; };
		D3786D9551FECDEB079D9E43 /* ReportShare.swift in Sources */ = {isa = PBXBuildFile; fileRef = A254CB749019586DB2A35202 /* ReportShare.swift */; };
		679EC02AE877C7C78C7FA783 /* LeadsView.swift in Sources */ = {isa = PBXBuildFile; fileRef = 943916CB2AB009C43981176F /* LeadsView.swift */; };
		1E98C473DA60BEF1FB5432B7 /* ScheduleView.swift in Sources */ = {isa = PBXBuildFile; fileRef = A683A382E5E97EB8E6D8E72B /* ScheduleView.swift */; };
		C7B29CAA04D8D49BC6B17A1D /* LevelCanvas.swift in Sources */ = {isa = PBXBuildFile; fileRef = C934A2011186B59DF4D40110 /* LevelCanvas.swift */; };
		29CA0E88615983507CA586CF /* PlanEditing.swift in Sources */ = {isa = PBXBuildFile; fileRef = 00E2CAE2D1A65B7CC2CC1AEE /* PlanEditing.swift */; };
		712D75190AE25C18508B17E9 /* PlanEditorView.swift in Sources */ = {isa = PBXBuildFile; fileRef = 7B0AA36873771F07CEAD0DEF /* PlanEditorView.swift */; };
		F1E2E81F536021C842A0307A /* RoomSketchView.swift in Sources */ = {isa = PBXBuildFile; fileRef = 4EEB5992B95447EFABBCB20F /* RoomSketchView.swift */; };
		2229C7C593BA4F1B00A7AAE1 /* ScanSession.swift in Sources */ = {isa = PBXBuildFile; fileRef = 2D2DE65F4E46AFE854860438 /* ScanSession.swift */; };
		AAEDA7A6B3176ACC59156D8E /* OpeningGlyphs.swift in Sources */ = {isa = PBXBuildFile; fileRef = 27FF0029CF36C77B35592BA4 /* OpeningGlyphs.swift */; };
		6EB8E4BB573B70520B47F100 /* MeasurementPanel.swift in Sources */ = {isa = PBXBuildFile; fileRef = 005231B41F924DA2E538E4C4 /* MeasurementPanel.swift */; };
		4A3F921C3612FA79C4EE89C1 /* FloorVocabulary.swift in Sources */ = {isa = PBXBuildFile; fileRef = D4AA76DB38060E02C09CC459 /* FloorVocabulary.swift */; };
		2040CD2E8FB0C6B036E367DF /* EditorChrome.swift in Sources */ = {isa = PBXBuildFile; fileRef = 6086771E4EECC3FB4EEB5CCB /* EditorChrome.swift */; };
		F4A3CDB5C85AE43389B25281 /* CollectionShell.swift in Sources */ = {isa = PBXBuildFile; fileRef = 1A3E9B896D89EEC54864CDD8 /* CollectionShell.swift */; };
		D4ED59C7422E160077F9C007 /* Units.swift in Sources */ = {isa = PBXBuildFile; fileRef = 0713A71AD922BFBCB4884DB5 /* Units.swift */; };
		DD208E3518249553DB7E9A8A /* UnitsSheet.swift in Sources */ = {isa = PBXBuildFile; fileRef = BCC848DA8520209EBF4BF5D8 /* UnitsSheet.swift */; };
		0EDA5CF7C13693ABFDB4CF44 /* ElevationView.swift in Sources */ = {isa = PBXBuildFile; fileRef = 9DD499E1874371731843950D /* ElevationView.swift */; };
		E70A2EEC684546E9A37EFC4C /* ProjectStatistics.swift in Sources */ = {isa = PBXBuildFile; fileRef = E5AD9F71F8C69CCF51090D0C /* ProjectStatistics.swift */; };
		11CE64754537B1DCC42B8A54 /* CardGrid.swift in Sources */ = {isa = PBXBuildFile; fileRef = C1BA63AD0535C54371038D90 /* CardGrid.swift */; };
		28A73B68D19E8D6E0A3CA5D9 /* RoomThumbnail.swift in Sources */ = {isa = PBXBuildFile; fileRef = B3AB2E1B9F78AB665DFB7A9B /* RoomThumbnail.swift */; };
		AD67D7D17C991A121B28428D /* WallThickness.swift in Sources */ = {isa = PBXBuildFile; fileRef = 0D3D641FDEDBA6BB88264119 /* WallThickness.swift */; };
		3ADE51E16CBD26D919F04A0F /* WallDetailView.swift in Sources */ = {isa = PBXBuildFile; fileRef = 67032B5BC403F2AE8111CE71 /* WallDetailView.swift */; };
		4AD82D75B76CB41D5C01E4B3 /* PlanNavigationGesture.swift in Sources */ = {isa = PBXBuildFile; fileRef = 6BC43E6725CD8B78774541DD /* PlanNavigationGesture.swift */; };
		AD656B11A5856E2F155930D0 /* DrawRoomView.swift in Sources */ = {isa = PBXBuildFile; fileRef = F1EBB8DD8CA83FD333FC3CB5 /* DrawRoomView.swift */; };
		9C37FD87EE8E31CFC6B4670B /* StoreyViewport.swift in Sources */ = {isa = PBXBuildFile; fileRef = CF69A1134AD78F95AF46364D /* StoreyViewport.swift */; };
		EF82D7C613C825D545AFB52E /* PhotoEditor.swift in Sources */ = {isa = PBXBuildFile; fileRef = B7C697F69A9307C37B0E7FED /* PhotoEditor.swift */; };
		FCDCD5A378E8209C853D57D2 /* ObjectCatalog.swift in Sources */ = {isa = PBXBuildFile; fileRef = F70CD893958851C08B3F830D /* ObjectCatalog.swift */; };
		3FA58B3CFCD329C45A6DA382 /* ObjectGlyphs.swift in Sources */ = {isa = PBXBuildFile; fileRef = DB452753AD51DC16629EB23C /* ObjectGlyphs.swift */; };
		12FDE45F0886FC57A524DE42 /* ObjectPicker.swift in Sources */ = {isa = PBXBuildFile; fileRef = 88E7676DEF5F9A695D19A561 /* ObjectPicker.swift */; };
		547F794211626CFF8CFA6570 /* ObjectDetailView.swift in Sources */ = {isa = PBXBuildFile; fileRef = 6AF7B171E69DD85EC5BB14EB /* ObjectDetailView.swift */; };
		A85BE585B04A3AE23394B6B6 /* ObjectEmblems.swift in Sources */ = {isa = PBXBuildFile; fileRef = D83DF6CACBECE7D64687FC5A /* ObjectEmblems.swift */; };
		03F8E9CA9E3AA11C291D111E /* PhotoQueue.swift in Sources */ = {isa = PBXBuildFile; fileRef = 4AF5714E743AFCB92E081E15 /* PhotoQueue.swift */; };
		7C1A5E20B4D3F09188A2C610 /* StoreyArranging.swift in Sources */ = {isa = PBXBuildFile; fileRef = 7C1A5E21B4D3F09188A2C611 /* StoreyArranging.swift */; };
		7C1A5E30B4D3F09188A2C620 /* SiteCamera.swift in Sources */ = {isa = PBXBuildFile; fileRef = 7C1A5E31B4D3F09188A2C621 /* SiteCamera.swift */; };
		5A9AD4DEBBCCCE7E3A370548 /* ScanChoices.swift in Sources */ = {isa = PBXBuildFile; fileRef = D71C021CED84AC2254A96F38 /* ScanChoices.swift */; };
		ECBCF487953EB990E122B099 /* ScanCatalogue.swift in Sources */ = {isa = PBXBuildFile; fileRef = 34E87C7578820D2FE7DBB721 /* ScanCatalogue.swift */; };
		63A1A72230F81F66907C3D97 /* ScanTypeCard.swift in Sources */ = {isa = PBXBuildFile; fileRef = 96E044DC93FEC4FA50B9C4A2 /* ScanTypeCard.swift */; };
		AB95FF289219BCC31E38113D /* PushRegistration.swift in Sources */ = {isa = PBXBuildFile; fileRef = 7F84EF6F1F638817BF8EB0CD /* PushRegistration.swift */; };
		A2E3648251EAA6D23C456902 /* ObjectSearch.swift in Sources */ = {isa = PBXBuildFile; fileRef = 6EB6B4CA36BF918D1995EA6F /* ObjectSearch.swift */; };
		775AF37D68AC763C57A87C5C /* ScanCaptureFeel.swift in Sources */ = {isa = PBXBuildFile; fileRef = B92C40FF3F6AF1E9478C69CF /* ScanCaptureFeel.swift */; };
		86CA178EB3CF2A476F8678EA /* ScanLens.swift in Sources */ = {isa = PBXBuildFile; fileRef = D0A15229A30ECEF5E7DE5A37 /* ScanLens.swift */; };
/* End PBXBuildFile section */

/* Begin PBXFileReference section */
		2FAD9762203C412B000D30F8 /* config.xml */ = {isa = PBXFileReference; lastKnownFileType = text.xml; path = config.xml; sourceTree = "<group>"; };
		50379B222058CBB4000EE86E /* capacitor.config.json */ = {isa = PBXFileReference; fileEncoding = 4; lastKnownFileType = text.json; path = capacitor.config.json; sourceTree = "<group>"; };
		504EC3041FED79650016851F /* App.app */ = {isa = PBXFileReference; explicitFileType = wrapper.application; includeInIndex = 0; path = App.app; sourceTree = BUILT_PRODUCTS_DIR; };
		504EC3071FED79650016851F /* AppDelegate.swift */ = {isa = PBXFileReference; lastKnownFileType = sourcecode.swift; path = AppDelegate.swift; sourceTree = "<group>"; };
		AA1000000000000000000011 /* RoomModelViewController.swift */ = {isa = PBXFileReference; lastKnownFileType = sourcecode.swift; path = RoomModelViewController.swift; sourceTree = "<group>"; };
		AA1000000000000000000007 /* MainViewController.swift */ = {isa = PBXFileReference; lastKnownFileType = sourcecode.swift; path = MainViewController.swift; sourceTree = "<group>"; };
		AA1000000000000000000005 /* RoomScanViewController.swift */ = {isa = PBXFileReference; lastKnownFileType = sourcecode.swift; path = RoomScanViewController.swift; sourceTree = "<group>"; };
		AA1000000000000000000003 /* RoomScanPlugin.swift */ = {isa = PBXFileReference; lastKnownFileType = sourcecode.swift; path = RoomScanPlugin.swift; sourceTree = "<group>"; };
		AA1000000000000000000001 /* SpeakerPlugin.swift */ = {isa = PBXFileReference; lastKnownFileType = sourcecode.swift; path = SpeakerPlugin.swift; sourceTree = "<group>"; };
		504EC30C1FED79650016851F /* Base */ = {isa = PBXFileReference; lastKnownFileType = file.storyboard; name = Base; path = Base.lproj/Main.storyboard; sourceTree = "<group>"; };
		504EC30E1FED79650016851F /* Assets.xcassets */ = {isa = PBXFileReference; lastKnownFileType = folder.assetcatalog; path = Assets.xcassets; sourceTree = "<group>"; };
		504EC3111FED79650016851F /* Base */ = {isa = PBXFileReference; lastKnownFileType = file.storyboard; name = Base; path = Base.lproj/LaunchScreen.storyboard; sourceTree = "<group>"; };
		504EC3131FED79650016851F /* Info.plist */ = {isa = PBXFileReference; lastKnownFileType = text.plist.xml; path = Info.plist; sourceTree = "<group>"; };
		50B271D01FEDC1A000F3C39B /* public */ = {isa = PBXFileReference; lastKnownFileType = folder; path = public; sourceTree = "<group>"; };
		9582B6822FE993A50072D4E8 /* SceneDelegate.swift */ = {isa = PBXFileReference; lastKnownFileType = sourcecode.swift; path = SceneDelegate.swift; sourceTree = "<group>"; };
		958DCC722DB07C7200EA8C5F /* debug.xcconfig */ = {isa = PBXFileReference; lastKnownFileType = text.xcconfig; name = debug.xcconfig; path = ../debug.xcconfig; sourceTree = SOURCE_ROOT; };
		FC75A46A7D7D09F20DEC6972 /* API.swift */ = {isa = PBXFileReference; lastKnownFileType = sourcecode.swift; path = Native/API.swift; sourceTree = "<group>"; };
		D40DA283790D758CFDE43C9C /* Models.swift */ = {isa = PBXFileReference; lastKnownFileType = sourcecode.swift; path = Native/Models.swift; sourceTree = "<group>"; };
		87AD402C01E25EF3FF581E18 /* AppShell.swift */ = {isa = PBXFileReference; lastKnownFileType = sourcecode.swift; path = Native/AppShell.swift; sourceTree = "<group>"; };
		D1575A16D2C6E67C4FD1FB80 /* ProjectsView.swift */ = {isa = PBXFileReference; lastKnownFileType = sourcecode.swift; path = Native/ProjectsView.swift; sourceTree = "<group>"; };
		FACEA5C22986924A3F421EC5 /* RoomDetailView.swift */ = {isa = PBXFileReference; lastKnownFileType = sourcecode.swift; path = Native/RoomDetailView.swift; sourceTree = "<group>"; };
		44C52F5EDD0DD3E462D8A2FA /* DiagnosticsView.swift */ = {isa = PBXFileReference; lastKnownFileType = sourcecode.swift; path = Native/DiagnosticsView.swift; sourceTree = "<group>"; };
		E172AD5B231606B7F2A6BC71 /* WebScreen.swift */ = {isa = PBXFileReference; lastKnownFileType = sourcecode.swift; path = Native/WebScreen.swift; sourceTree = "<group>"; };
		3FD9F04AB53B52854089E5C1 /* Theme.swift */ = {isa = PBXFileReference; lastKnownFileType = sourcecode.swift; path = Native/Theme.swift; sourceTree = "<group>"; };
		EDAFC13BEDFB912C801339B0 /* CallManager.swift */ = {isa = PBXFileReference; lastKnownFileType = sourcecode.swift; path = Native/CallManager.swift; sourceTree = "<group>"; };
		757B8D35348C20F44D2EE482 /* PhoneView.swift */ = {isa = PBXFileReference; lastKnownFileType = sourcecode.swift; path = Native/PhoneView.swift; sourceTree = "<group>"; };
		2AAADD4F5029CE28A6DF7237 /* CustomersView.swift */ = {isa = PBXFileReference; lastKnownFileType = sourcecode.swift; path = Native/CustomersView.swift; sourceTree = "<group>"; };
		0A0B83FB695A83FEF3FDE977 /* ScanView.swift */ = {isa = PBXFileReference; lastKnownFileType = sourcecode.swift; path = Native/ScanView.swift; sourceTree = "<group>"; };
		12F840D6CFE328A3196F454A /* MoreView.swift */ = {isa = PBXFileReference; lastKnownFileType = sourcecode.swift; path = Native/MoreView.swift; sourceTree = "<group>"; };
		29FD551C4630FED0B9EE0D88 /* ScanPayload.swift */ = {isa = PBXFileReference; lastKnownFileType = sourcecode.swift; path = Native/ScanPayload.swift; sourceTree = "<group>"; };
		432C81BFDBB37384FDC61E00 /* CaptureFlow.swift */ = {isa = PBXFileReference; lastKnownFileType = sourcecode.swift; path = Native/CaptureFlow.swift; sourceTree = "<group>"; };
		5B1C0B433DDDE917A7C6AC3D /* HomeView.swift */ = {isa = PBXFileReference; lastKnownFileType = sourcecode.swift; path = Native/HomeView.swift; sourceTree = "<group>"; };
		F63622FE8793B5A476929ED7 /* CreateForms.swift */ = {isa = PBXFileReference; lastKnownFileType = sourcecode.swift; path = Native/CreateForms.swift; sourceTree = "<group>"; };
		F9B25A1B7241CCF44839BD02 /* FloorPlanGeometry.swift */ = {isa = PBXFileReference; lastKnownFileType = sourcecode.swift; path = Native/FloorPlanGeometry.swift; sourceTree = "<group>"; };
		41B8A9CECEF6CE11AF6CB285 /* FloorPlanView.swift */ = {isa = PBXFileReference; lastKnownFileType = sourcecode.swift; path = Native/FloorPlanView.swift; sourceTree = "<group>"; };
		CAD833D37CF40538753EFB53 /* ScanQueue.swift */ = {isa = PBXFileReference; lastKnownFileType = sourcecode.swift; path = Native/ScanQueue.swift; sourceTree = "<group>"; };
		75FD274D3B1E386EF7CE9B09 /* MessagesView.swift */ = {isa = PBXFileReference; lastKnownFileType = sourcecode.swift; path = Native/MessagesView.swift; sourceTree = "<group>"; };
		D656561111C08EA37D97551A /* RoomPhotos.swift */ = {isa = PBXFileReference; lastKnownFileType = sourcecode.swift; path = Native/RoomPhotos.swift; sourceTree = "<group>"; };
		A254CB749019586DB2A35202 /* ReportShare.swift */ = {isa = PBXFileReference; lastKnownFileType = sourcecode.swift; path = Native/ReportShare.swift; sourceTree = "<group>"; };
		943916CB2AB009C43981176F /* LeadsView.swift */ = {isa = PBXFileReference; lastKnownFileType = sourcecode.swift; path = Native/LeadsView.swift; sourceTree = "<group>"; };
		A683A382E5E97EB8E6D8E72B /* ScheduleView.swift */ = {isa = PBXFileReference; lastKnownFileType = sourcecode.swift; path = Native/ScheduleView.swift; sourceTree = "<group>"; };
		C934A2011186B59DF4D40110 /* LevelCanvas.swift */ = {isa = PBXFileReference; lastKnownFileType = sourcecode.swift; path = Native/LevelCanvas.swift; sourceTree = "<group>"; };
		00E2CAE2D1A65B7CC2CC1AEE /* PlanEditing.swift */ = {isa = PBXFileReference; lastKnownFileType = sourcecode.swift; path = Native/PlanEditing.swift; sourceTree = "<group>"; };
		7B0AA36873771F07CEAD0DEF /* PlanEditorView.swift */ = {isa = PBXFileReference; lastKnownFileType = sourcecode.swift; path = Native/PlanEditorView.swift; sourceTree = "<group>"; };
		4EEB5992B95447EFABBCB20F /* RoomSketchView.swift */ = {isa = PBXFileReference; lastKnownFileType = sourcecode.swift; path = Native/RoomSketchView.swift; sourceTree = "<group>"; };
		2D2DE65F4E46AFE854860438 /* ScanSession.swift */ = {isa = PBXFileReference; lastKnownFileType = sourcecode.swift; path = Native/ScanSession.swift; sourceTree = "<group>"; };
		27FF0029CF36C77B35592BA4 /* OpeningGlyphs.swift */ = {isa = PBXFileReference; lastKnownFileType = sourcecode.swift; path = Native/OpeningGlyphs.swift; sourceTree = "<group>"; };
		005231B41F924DA2E538E4C4 /* MeasurementPanel.swift */ = {isa = PBXFileReference; lastKnownFileType = sourcecode.swift; path = Native/MeasurementPanel.swift; sourceTree = "<group>"; };
		D4AA76DB38060E02C09CC459 /* FloorVocabulary.swift */ = {isa = PBXFileReference; lastKnownFileType = sourcecode.swift; path = Native/FloorVocabulary.swift; sourceTree = "<group>"; };
		6086771E4EECC3FB4EEB5CCB /* EditorChrome.swift */ = {isa = PBXFileReference; lastKnownFileType = sourcecode.swift; path = Native/EditorChrome.swift; sourceTree = "<group>"; };
		1A3E9B896D89EEC54864CDD8 /* CollectionShell.swift */ = {isa = PBXFileReference; lastKnownFileType = sourcecode.swift; path = Native/CollectionShell.swift; sourceTree = "<group>"; };
		0713A71AD922BFBCB4884DB5 /* Units.swift */ = {isa = PBXFileReference; lastKnownFileType = sourcecode.swift; path = Native/Units.swift; sourceTree = "<group>"; };
		BCC848DA8520209EBF4BF5D8 /* UnitsSheet.swift */ = {isa = PBXFileReference; lastKnownFileType = sourcecode.swift; path = Native/UnitsSheet.swift; sourceTree = "<group>"; };
		9DD499E1874371731843950D /* ElevationView.swift */ = {isa = PBXFileReference; lastKnownFileType = sourcecode.swift; path = Native/ElevationView.swift; sourceTree = "<group>"; };
		E5AD9F71F8C69CCF51090D0C /* ProjectStatistics.swift */ = {isa = PBXFileReference; lastKnownFileType = sourcecode.swift; path = Native/ProjectStatistics.swift; sourceTree = "<group>"; };
		C1BA63AD0535C54371038D90 /* CardGrid.swift */ = {isa = PBXFileReference; lastKnownFileType = sourcecode.swift; path = Native/CardGrid.swift; sourceTree = "<group>"; };
		B3AB2E1B9F78AB665DFB7A9B /* RoomThumbnail.swift */ = {isa = PBXFileReference; lastKnownFileType = sourcecode.swift; path = Native/RoomThumbnail.swift; sourceTree = "<group>"; };
		0D3D641FDEDBA6BB88264119 /* WallThickness.swift */ = {isa = PBXFileReference; lastKnownFileType = sourcecode.swift; path = Native/WallThickness.swift; sourceTree = "<group>"; };
		67032B5BC403F2AE8111CE71 /* WallDetailView.swift */ = {isa = PBXFileReference; lastKnownFileType = sourcecode.swift; path = Native/WallDetailView.swift; sourceTree = "<group>"; };
		6BC43E6725CD8B78774541DD /* PlanNavigationGesture.swift */ = {isa = PBXFileReference; lastKnownFileType = sourcecode.swift; path = Native/PlanNavigationGesture.swift; sourceTree = "<group>"; };
		F1EBB8DD8CA83FD333FC3CB5 /* DrawRoomView.swift */ = {isa = PBXFileReference; lastKnownFileType = sourcecode.swift; path = Native/DrawRoomView.swift; sourceTree = "<group>"; };
		CF69A1134AD78F95AF46364D /* StoreyViewport.swift */ = {isa = PBXFileReference; lastKnownFileType = sourcecode.swift; path = Native/StoreyViewport.swift; sourceTree = "<group>"; };
		B7C697F69A9307C37B0E7FED /* PhotoEditor.swift */ = {isa = PBXFileReference; lastKnownFileType = sourcecode.swift; path = Native/PhotoEditor.swift; sourceTree = "<group>"; };
		F70CD893958851C08B3F830D /* ObjectCatalog.swift */ = {isa = PBXFileReference; lastKnownFileType = sourcecode.swift; path = Native/ObjectCatalog.swift; sourceTree = "<group>"; };
		DB452753AD51DC16629EB23C /* ObjectGlyphs.swift */ = {isa = PBXFileReference; lastKnownFileType = sourcecode.swift; path = Native/ObjectGlyphs.swift; sourceTree = "<group>"; };
		88E7676DEF5F9A695D19A561 /* ObjectPicker.swift */ = {isa = PBXFileReference; lastKnownFileType = sourcecode.swift; path = Native/ObjectPicker.swift; sourceTree = "<group>"; };
		6AF7B171E69DD85EC5BB14EB /* ObjectDetailView.swift */ = {isa = PBXFileReference; lastKnownFileType = sourcecode.swift; path = Native/ObjectDetailView.swift; sourceTree = "<group>"; };
		D83DF6CACBECE7D64687FC5A /* ObjectEmblems.swift */ = {isa = PBXFileReference; lastKnownFileType = sourcecode.swift; path = Native/ObjectEmblems.swift; sourceTree = "<group>"; };
		4AF5714E743AFCB92E081E15 /* PhotoQueue.swift */ = {isa = PBXFileReference; lastKnownFileType = sourcecode.swift; path = Native/PhotoQueue.swift; sourceTree = "<group>"; };
		7C1A5E21B4D3F09188A2C611 /* StoreyArranging.swift */ = {isa = PBXFileReference; lastKnownFileType = sourcecode.swift; path = Native/StoreyArranging.swift; sourceTree = "<group>"; };
		7C1A5E31B4D3F09188A2C621 /* SiteCamera.swift */ = {isa = PBXFileReference; lastKnownFileType = sourcecode.swift; path = Native/SiteCamera.swift; sourceTree = "<group>"; };
		D71C021CED84AC2254A96F38 /* ScanChoices.swift */ = {isa = PBXFileReference; lastKnownFileType = sourcecode.swift; path = ScanChoices.swift; sourceTree = "<group>"; };
		34E87C7578820D2FE7DBB721 /* ScanCatalogue.swift */ = {isa = PBXFileReference; lastKnownFileType = sourcecode.swift; path = Native/ScanCatalogue.swift; sourceTree = "<group>"; };
		96E044DC93FEC4FA50B9C4A2 /* ScanTypeCard.swift */ = {isa = PBXFileReference; lastKnownFileType = sourcecode.swift; path = ScanTypeCard.swift; sourceTree = "<group>"; };
		7F84EF6F1F638817BF8EB0CD /* PushRegistration.swift */ = {isa = PBXFileReference; lastKnownFileType = sourcecode.swift; path = Native/PushRegistration.swift; sourceTree = "<group>"; };
		6EB6B4CA36BF918D1995EA6F /* ObjectSearch.swift */ = {isa = PBXFileReference; lastKnownFileType = sourcecode.swift; path = Native/ObjectSearch.swift; sourceTree = "<group>"; };
		B92C40FF3F6AF1E9478C69CF /* ScanCaptureFeel.swift */ = {isa = PBXFileReference; lastKnownFileType = sourcecode.swift; path = Native/ScanCaptureFeel.swift; sourceTree = "<group>"; };
		D0A15229A30ECEF5E7DE5A37 /* ScanLens.swift */ = {isa = PBXFileReference; lastKnownFileType = sourcecode.swift; path = Native/ScanLens.swift; sourceTree = "<group>"; };
/* End PBXFileReference section */

/* Begin PBXFrameworksBuildPhase section */
		504EC3011FED79650016851F /* Frameworks */ = {
			isa = PBXFrameworksBuildPhase;
			buildActionMask = 2147483647;
			files = (
				4D22ABE92AF431CB00220026 /* CapApp-SPM in Frameworks */,
				TW11L10BUILD00000000FIL0 /* TwilioVoice in Frameworks */,
			);
			runOnlyForDeploymentPostprocessing = 0;
		};
/* End PBXFrameworksBuildPhase section */

/* Begin PBXGroup section */
		504EC2FB1FED79650016851F = {
			isa = PBXGroup;
			children = (
				958DCC722DB07C7200EA8C5F /* debug.xcconfig */,
				504EC3061FED79650016851F /* App */,
				504EC3051FED79650016851F /* Products */,
			);
			sourceTree = "<group>";
		};
		504EC3051FED79650016851F /* Products */ = {
			isa = PBXGroup;
			children = (
				504EC3041FED79650016851F /* App.app */,
			);
			name = Products;
			sourceTree = "<group>";
		};
		504EC3061FED79650016851F /* App */ = {
			isa = PBXGroup;
			children = (
				9582B6822FE993A50072D4E8 /* SceneDelegate.swift */,
				50379B222058CBB4000EE86E /* capacitor.config.json */,
				504EC3071FED79650016851F /* AppDelegate.swift */,
				AA1000000000000000000011 /* RoomModelViewController.swift */,
				AA1000000000000000000007 /* MainViewController.swift */,
				AA1000000000000000000005 /* RoomScanViewController.swift */,
				AA1000000000000000000003 /* RoomScanPlugin.swift */,
				AA1000000000000000000001 /* SpeakerPlugin.swift */,
				D0A15229A30ECEF5E7DE5A37 /* ScanLens.swift */,
				B92C40FF3F6AF1E9478C69CF /* ScanCaptureFeel.swift */,
				6EB6B4CA36BF918D1995EA6F /* ObjectSearch.swift */,
				7F84EF6F1F638817BF8EB0CD /* PushRegistration.swift */,
				96E044DC93FEC4FA50B9C4A2 /* ScanTypeCard.swift */,
				34E87C7578820D2FE7DBB721 /* ScanCatalogue.swift */,
				D71C021CED84AC2254A96F38 /* ScanChoices.swift */,
				4AF5714E743AFCB92E081E15 /* PhotoQueue.swift */,
				7C1A5E21B4D3F09188A2C611 /* StoreyArranging.swift */,
				7C1A5E31B4D3F09188A2C621 /* SiteCamera.swift */,
				D83DF6CACBECE7D64687FC5A /* ObjectEmblems.swift */,
				6AF7B171E69DD85EC5BB14EB /* ObjectDetailView.swift */,
				88E7676DEF5F9A695D19A561 /* ObjectPicker.swift */,
				DB452753AD51DC16629EB23C /* ObjectGlyphs.swift */,
				F70CD893958851C08B3F830D /* ObjectCatalog.swift */,
				B7C697F69A9307C37B0E7FED /* PhotoEditor.swift */,
				CF69A1134AD78F95AF46364D /* StoreyViewport.swift */,
				F1EBB8DD8CA83FD333FC3CB5 /* DrawRoomView.swift */,
				6BC43E6725CD8B78774541DD /* PlanNavigationGesture.swift */,
				67032B5BC403F2AE8111CE71 /* WallDetailView.swift */,
				0D3D641FDEDBA6BB88264119 /* WallThickness.swift */,
				B3AB2E1B9F78AB665DFB7A9B /* RoomThumbnail.swift */,
				C1BA63AD0535C54371038D90 /* CardGrid.swift */,
				E5AD9F71F8C69CCF51090D0C /* ProjectStatistics.swift */,
				BCC848DA8520209EBF4BF5D8 /* UnitsSheet.swift */,
				0713A71AD922BFBCB4884DB5 /* Units.swift */,
				9DD499E1874371731843950D /* ElevationView.swift */,
				6086771E4EECC3FB4EEB5CCB /* EditorChrome.swift */,
				1A3E9B896D89EEC54864CDD8 /* CollectionShell.swift */,
				D4AA76DB38060E02C09CC459 /* FloorVocabulary.swift */,
				2D2DE65F4E46AFE854860438 /* ScanSession.swift */,
				005231B41F924DA2E538E4C4 /* MeasurementPanel.swift */,
				27FF0029CF36C77B35592BA4 /* OpeningGlyphs.swift */,
				4EEB5992B95447EFABBCB20F /* RoomSketchView.swift */,
				7B0AA36873771F07CEAD0DEF /* PlanEditorView.swift */,
				00E2CAE2D1A65B7CC2CC1AEE /* PlanEditing.swift */,
				C934A2011186B59DF4D40110 /* LevelCanvas.swift */,
				A683A382E5E97EB8E6D8E72B /* ScheduleView.swift */,
				943916CB2AB009C43981176F /* LeadsView.swift */,
				A254CB749019586DB2A35202 /* ReportShare.swift */,
				D656561111C08EA37D97551A /* RoomPhotos.swift */,
				75FD274D3B1E386EF7CE9B09 /* MessagesView.swift */,
				CAD833D37CF40538753EFB53 /* ScanQueue.swift */,
				41B8A9CECEF6CE11AF6CB285 /* FloorPlanView.swift */,
				F9B25A1B7241CCF44839BD02 /* FloorPlanGeometry.swift */,
				F63622FE8793B5A476929ED7 /* CreateForms.swift */,
				5B1C0B433DDDE917A7C6AC3D /* HomeView.swift */,
				432C81BFDBB37384FDC61E00 /* CaptureFlow.swift */,
				29FD551C4630FED0B9EE0D88 /* ScanPayload.swift */,
				12F840D6CFE328A3196F454A /* MoreView.swift */,
				0A0B83FB695A83FEF3FDE977 /* ScanView.swift */,
				2AAADD4F5029CE28A6DF7237 /* CustomersView.swift */,
				757B8D35348C20F44D2EE482 /* PhoneView.swift */,
				EDAFC13BEDFB912C801339B0 /* CallManager.swift */,
				3FD9F04AB53B52854089E5C1 /* Theme.swift */,
				E172AD5B231606B7F2A6BC71 /* WebScreen.swift */,
				44C52F5EDD0DD3E462D8A2FA /* DiagnosticsView.swift */,
				FACEA5C22986924A3F421EC5 /* RoomDetailView.swift */,
				D1575A16D2C6E67C4FD1FB80 /* ProjectsView.swift */,
				87AD402C01E25EF3FF581E18 /* AppShell.swift */,
				D40DA283790D758CFDE43C9C /* Models.swift */,
				FC75A46A7D7D09F20DEC6972 /* API.swift */,
				504EC30B1FED79650016851F /* Main.storyboard */,
				504EC30E1FED79650016851F /* Assets.xcassets */,
				504EC3101FED79650016851F /* LaunchScreen.storyboard */,
				504EC3131FED79650016851F /* Info.plist */,
				2FAD9762203C412B000D30F8 /* config.xml */,
				50B271D01FEDC1A000F3C39B /* public */,
			);
			path = App;
			sourceTree = "<group>";
		};
/* End PBXGroup section */

/* Begin PBXNativeTarget section */
		504EC3031FED79650016851F /* App */ = {
			isa = PBXNativeTarget;
			buildConfigurationList = 504EC3161FED79650016851F /* Build configuration list for PBXNativeTarget "App" */;
			buildPhases = (
				504EC3001FED79650016851F /* Sources */,
				504EC3011FED79650016851F /* Frameworks */,
				504EC3021FED79650016851F /* Resources */,
			);
			buildRules = (
			);
			dependencies = (
			);
			name = App;
			packageProductDependencies = (
				TW11L10PROD000000000DEP0 /* TwilioVoice */,
				4D22ABE82AF431CB00220026 /* CapApp-SPM */,
			);
			productName = App;
			productReference = 504EC3041FED79650016851F /* App.app */;
			productType = "com.apple.product-type.application";
		};
/* End PBXNativeTarget section */

/* Begin PBXProject section */
		504EC2FC1FED79650016851F /* Project object */ = {
			isa = PBXProject;
			attributes = {
				LastSwiftUpdateCheck = 0920;
				LastUpgradeCheck = 0920;
				TargetAttributes = {
					504EC3031FED79650016851F = {
						CreatedOnToolsVersion = 9.2;
						LastSwiftMigration = 1100;
						ProvisioningStyle = Automatic;
					};
				};
			};
			buildConfigurationList = 504EC2FF1FED79650016851F /* Build configuration list for PBXProject "App" */;
			compatibilityVersion = "Xcode 8.0";
			developmentRegion = en;
			hasScannedForEncodings = 0;
			knownRegions = (
				en,
				Base,
			);
			mainGroup = 504EC2FB1FED79650016851F;
			packageReferences = (
				D4C12C0A2AAA248700AAC8A2 /* XCLocalSwiftPackageReference "CapApp-SPM" */,
				TW11L10PKG0000000000REF0 /* XCRemoteSwiftPackageReference "twilio-voice-ios" */,
			);
			productRefGroup = 504EC3051FED79650016851F /* Products */;
			projectDirPath = "";
			projectRoot = "";
			targets = (
				504EC3031FED79650016851F /* App */,
			);
		};
/* End PBXProject section */

/* Begin PBXResourcesBuildPhase section */
		504EC3021FED79650016851F /* Resources */ = {
			isa = PBXResourcesBuildPhase;
			buildActionMask = 2147483647;
			files = (
				504EC3121FED79650016851F /* LaunchScreen.storyboard in Resources */,
				50B271D11FEDC1A000F3C39B /* public in Resources */,
				504EC30F1FED79650016851F /* Assets.xcassets in Resources */,
				50379B232058CBB4000EE86E /* capacitor.config.json in Resources */,
				504EC30D1FED79650016851F /* Main.storyboard in Resources */,
				2FAD9763203C412B000D30F8 /* config.xml in Resources */,
			);
			runOnlyForDeploymentPostprocessing = 0;
		};
/* End PBXResourcesBuildPhase section */

/* Begin PBXSourcesBuildPhase section */
		504EC3001FED79650016851F /* Sources */ = {
			isa = PBXSourcesBuildPhase;
			buildActionMask = 2147483647;
			files = (
				86CA178EB3CF2A476F8678EA /* ScanLens.swift in Sources */,
				775AF37D68AC763C57A87C5C /* ScanCaptureFeel.swift in Sources */,
				A2E3648251EAA6D23C456902 /* ObjectSearch.swift in Sources */,
				AB95FF289219BCC31E38113D /* PushRegistration.swift in Sources */,
				63A1A72230F81F66907C3D97 /* ScanTypeCard.swift in Sources */,
				ECBCF487953EB990E122B099 /* ScanCatalogue.swift in Sources */,
				5A9AD4DEBBCCCE7E3A370548 /* ScanChoices.swift in Sources */,
				03F8E9CA9E3AA11C291D111E /* PhotoQueue.swift in Sources */,
				7C1A5E20B4D3F09188A2C610 /* StoreyArranging.swift in Sources */,
				7C1A5E30B4D3F09188A2C620 /* SiteCamera.swift in Sources */,
				A85BE585B04A3AE23394B6B6 /* ObjectEmblems.swift in Sources */,
				547F794211626CFF8CFA6570 /* ObjectDetailView.swift in Sources */,
				12FDE45F0886FC57A524DE42 /* ObjectPicker.swift in Sources */,
				3FA58B3CFCD329C45A6DA382 /* ObjectGlyphs.swift in Sources */,
				FCDCD5A378E8209C853D57D2 /* ObjectCatalog.swift in Sources */,
				EF82D7C613C825D545AFB52E /* PhotoEditor.swift in Sources */,
				9C37FD87EE8E31CFC6B4670B /* StoreyViewport.swift in Sources */,
				AD656B11A5856E2F155930D0 /* DrawRoomView.swift in Sources */,
				4AD82D75B76CB41D5C01E4B3 /* PlanNavigationGesture.swift in Sources */,
				3ADE51E16CBD26D919F04A0F /* WallDetailView.swift in Sources */,
				AD67D7D17C991A121B28428D /* WallThickness.swift in Sources */,
				28A73B68D19E8D6E0A3CA5D9 /* RoomThumbnail.swift in Sources */,
				11CE64754537B1DCC42B8A54 /* CardGrid.swift in Sources */,
				E70A2EEC684546E9A37EFC4C /* ProjectStatistics.swift in Sources */,
				DD208E3518249553DB7E9A8A /* UnitsSheet.swift in Sources */,
				D4ED59C7422E160077F9C007 /* Units.swift in Sources */,
				0EDA5CF7C13693ABFDB4CF44 /* ElevationView.swift in Sources */,
				2040CD2E8FB0C6B036E367DF /* EditorChrome.swift in Sources */,
				F4A3CDB5C85AE43389B25281 /* CollectionShell.swift in Sources */,
				4A3F921C3612FA79C4EE89C1 /* FloorVocabulary.swift in Sources */,
				2229C7C593BA4F1B00A7AAE1 /* ScanSession.swift in Sources */,
				6EB8E4BB573B70520B47F100 /* MeasurementPanel.swift in Sources */,
				AAEDA7A6B3176ACC59156D8E /* OpeningGlyphs.swift in Sources */,
				F1E2E81F536021C842A0307A /* RoomSketchView.swift in Sources */,
				712D75190AE25C18508B17E9 /* PlanEditorView.swift in Sources */,
				29CA0E88615983507CA586CF /* PlanEditing.swift in Sources */,
				C7B29CAA04D8D49BC6B17A1D /* LevelCanvas.swift in Sources */,
				1E98C473DA60BEF1FB5432B7 /* ScheduleView.swift in Sources */,
				679EC02AE877C7C78C7FA783 /* LeadsView.swift in Sources */,
				D3786D9551FECDEB079D9E43 /* ReportShare.swift in Sources */,
				2D277D737730CF7EA57AD969 /* RoomPhotos.swift in Sources */,
				3B674CE72195DBA3AC0A30FC /* MessagesView.swift in Sources */,
				B04A0E7F239D06D3D2AA1BC0 /* ScanQueue.swift in Sources */,
				AD66A2149BF48377B7A57F6F /* FloorPlanView.swift in Sources */,
				475D5E68C8633C0C64637823 /* FloorPlanGeometry.swift in Sources */,
				31A8258D875E33BB7511747F /* CreateForms.swift in Sources */,
				0C4F950F2542A6B30DF173DA /* HomeView.swift in Sources */,
				24FF0A017B0B1CA0B8BECB02 /* CaptureFlow.swift in Sources */,
				7C262F10406210A42BAD7978 /* ScanPayload.swift in Sources */,
				805AB54A03F19C368F45A962 /* MoreView.swift in Sources */,
				134C11B1F11F4454AB0698EE /* ScanView.swift in Sources */,
				0ABAB67263690A05807B70AB /* CustomersView.swift in Sources */,
				FC777ADF70B94B6444C032C5 /* PhoneView.swift in Sources */,
				52763D817DEF74CB401D10C3 /* CallManager.swift in Sources */,
				CA222D1BB6E2CDD8B11B84EC /* Theme.swift in Sources */,
				616B677340640888E918E2E0 /* WebScreen.swift in Sources */,
				5FDE153B1C86FC0F926EC270 /* DiagnosticsView.swift in Sources */,
				402C927B6946ED8278903114 /* RoomDetailView.swift in Sources */,
				FD00F5AE1C3495665FE8774D /* ProjectsView.swift in Sources */,
				3F221149ED8B96410B355E05 /* AppShell.swift in Sources */,
				0AED486DC5028236E648FC8C /* Models.swift in Sources */,
				55646811E1DCA8B34AA70BDD /* API.swift in Sources */,
				504EC3081FED79650016851F /* AppDelegate.swift in Sources */,
				AA1000000000000000000012 /* RoomModelViewController.swift in Sources */,
				AA1000000000000000000008 /* MainViewController.swift in Sources */,
				AA1000000000000000000006 /* RoomScanViewController.swift in Sources */,
				AA1000000000000000000004 /* RoomScanPlugin.swift in Sources */,
				AA1000000000000000000002 /* SpeakerPlugin.swift in Sources */,
				9582B6832FE993A70072D4E8 /* SceneDelegate.swift in Sources */,
			);
			runOnlyForDeploymentPostprocessing = 0;
		};
/* End PBXSourcesBuildPhase section */

/* Begin PBXVariantGroup section */
		504EC30B1FED79650016851F /* Main.storyboard */ = {
			isa = PBXVariantGroup;
			children = (
				504EC30C1FED79650016851F /* Base */,
			);
			name = Main.storyboard;
			sourceTree = "<group>";
		};
		504EC3101FED79650016851F /* LaunchScreen.storyboard */ = {
			isa = PBXVariantGroup;
			children = (
				504EC3111FED79650016851F /* Base */,
			);
			name = LaunchScreen.storyboard;
			sourceTree = "<group>";
		};
/* End PBXVariantGroup section */

/* Begin XCBuildConfiguration section */
		504EC3141FED79650016851F /* Debug */ = {
			isa = XCBuildConfiguration;
			baseConfigurationReference = 958DCC722DB07C7200EA8C5F /* debug.xcconfig */;
			buildSettings = {
				ALWAYS_SEARCH_USER_PATHS = NO;
				CLANG_ANALYZER_NONNULL = YES;
				CLANG_ANALYZER_NUMBER_OBJECT_CONVERSION = YES_AGGRESSIVE;
				CLANG_CXX_LANGUAGE_STANDARD = "gnu++14";
				CLANG_CXX_LIBRARY = "libc++";
				CLANG_ENABLE_MODULES = YES;
				CLANG_ENABLE_OBJC_ARC = YES;
				CLANG_WARN_BLOCK_CAPTURE_AUTORELEASING = YES;
				CLANG_WARN_BOOL_CONVERSION = YES;
				CLANG_WARN_COMMA = YES;
				CLANG_WARN_CONSTANT_CONVERSION = YES;
				CLANG_WARN_DIRECT_OBJC_ISA_USAGE = YES_ERROR;
				CLANG_WARN_DOCUMENTATION_COMMENTS = YES;
				CLANG_WARN_EMPTY_BODY = YES;
				CLANG_WARN_ENUM_CONVERSION = YES;
				CLANG_WARN_INFINITE_RECURSION = YES;
				CLANG_WARN_INT_CONVERSION = YES;
				CLANG_WARN_NON_LITERAL_NULL_CONVERSION = YES;
				CLANG_WARN_OBJC_LITERAL_CONVERSION = YES;
				CLANG_WARN_OBJC_ROOT_CLASS = YES_ERROR;
				CLANG_WARN_RANGE_LOOP_ANALYSIS = YES;
				CLANG_WARN_STRICT_PROTOTYPES = YES;
				CLANG_WARN_SUSPICIOUS_MOVE = YES;
				CLANG_WARN_UNGUARDED_AVAILABILITY = YES_AGGRESSIVE;
				CLANG_WARN_UNREACHABLE_CODE = YES;
				CLANG_WARN__DUPLICATE_METHOD_MATCH = YES;
				CODE_SIGN_IDENTITY = "iPhone Developer";
				COPY_PHASE_STRIP = NO;
				DEBUG_INFORMATION_FORMAT = dwarf;
				ENABLE_STRICT_OBJC_MSGSEND = YES;
				ENABLE_TESTABILITY = YES;
				GCC_C_LANGUAGE_STANDARD = gnu11;
				GCC_DYNAMIC_NO_PIC = NO;
				GCC_NO_COMMON_BLOCKS = YES;
				GCC_OPTIMIZATION_LEVEL = 0;
				GCC_PREPROCESSOR_DEFINITIONS = (
					"DEBUG=1",
					"$(inherited)",
				);
				GCC_WARN_64_TO_32_BIT_CONVERSION = YES;
				GCC_WARN_ABOUT_RETURN_TYPE = YES_ERROR;
				GCC_WARN_UNDECLARED_SELECTOR = YES;
				GCC_WARN_UNINITIALIZED_AUTOS = YES_AGGRESSIVE;
				GCC_WARN_UNUSED_FUNCTION = YES;
				GCC_WARN_UNUSED_VARIABLE = YES;
				IPHONEOS_DEPLOYMENT_TARGET = 17.0;
				MTL_ENABLE_DEBUG_INFO = YES;
				ONLY_ACTIVE_ARCH = YES;
				SDKROOT = iphoneos;
				SWIFT_ACTIVE_COMPILATION_CONDITIONS = DEBUG;
				SWIFT_OPTIMIZATION_LEVEL = "-Onone";
			};
			name = Debug;
		};
		504EC3151FED79650016851F /* Release */ = {
			isa = XCBuildConfiguration;
			buildSettings = {
				ALWAYS_SEARCH_USER_PATHS = NO;
				CLANG_ANALYZER_NONNULL = YES;
				CLANG_ANALYZER_NUMBER_OBJECT_CONVERSION = YES_AGGRESSIVE;
				CLANG_CXX_LANGUAGE_STANDARD = "gnu++14";
				CLANG_CXX_LIBRARY = "libc++";
				CLANG_ENABLE_MODULES = YES;
				CLANG_ENABLE_OBJC_ARC = YES;
				CLANG_WARN_BLOCK_CAPTURE_AUTORELEASING = YES;
				CLANG_WARN_BOOL_CONVERSION = YES;
				CLANG_WARN_COMMA = YES;
				CLANG_WARN_CONSTANT_CONVERSION = YES;
				CLANG_WARN_DIRECT_OBJC_ISA_USAGE = YES_ERROR;
				CLANG_WARN_DOCUMENTATION_COMMENTS = YES;
				CLANG_WARN_EMPTY_BODY = YES;
				CLANG_WARN_ENUM_CONVERSION = YES;
				CLANG_WARN_INFINITE_RECURSION = YES;
				CLANG_WARN_INT_CONVERSION = YES;
				CLANG_WARN_NON_LITERAL_NULL_CONVERSION = YES;
				CLANG_WARN_OBJC_LITERAL_CONVERSION = YES;
				CLANG_WARN_OBJC_ROOT_CLASS = YES_ERROR;
				CLANG_WARN_RANGE_LOOP_ANALYSIS = YES;
				CLANG_WARN_STRICT_PROTOTYPES = YES;
				CLANG_WARN_SUSPICIOUS_MOVE = YES;
				CLANG_WARN_UNGUARDED_AVAILABILITY = YES_AGGRESSIVE;
				CLANG_WARN_UNREACHABLE_CODE = YES;
				CLANG_WARN__DUPLICATE_METHOD_MATCH = YES;
				CODE_SIGN_IDENTITY = "iPhone Developer";
				COPY_PHASE_STRIP = NO;
				DEBUG_INFORMATION_FORMAT = "dwarf-with-dsym";
				ENABLE_NS_ASSERTIONS = NO;
				ENABLE_STRICT_OBJC_MSGSEND = YES;
				GCC_C_LANGUAGE_STANDARD = gnu11;
				GCC_NO_COMMON_BLOCKS = YES;
				GCC_WARN_64_TO_32_BIT_CONVERSION = YES;
				GCC_WARN_ABOUT_RETURN_TYPE = YES_ERROR;
				GCC_WARN_UNDECLARED_SELECTOR = YES;
				GCC_WARN_UNINITIALIZED_AUTOS = YES_AGGRESSIVE;
				GCC_WARN_UNUSED_FUNCTION = YES;
				GCC_WARN_UNUSED_VARIABLE = YES;
				IPHONEOS_DEPLOYMENT_TARGET = 17.0;
				MTL_ENABLE_DEBUG_INFO = NO;
				SDKROOT = iphoneos;
				SWIFT_COMPILATION_MODE = wholemodule;
				SWIFT_OPTIMIZATION_LEVEL = "-O";
				VALIDATE_PRODUCT = YES;
			};
			name = Release;
		};
		504EC3171FED79650016851F /* Debug */ = {
			isa = XCBuildConfiguration;
			baseConfigurationReference = 958DCC722DB07C7200EA8C5F /* debug.xcconfig */;
			buildSettings = {
				ASSETCATALOG_COMPILER_APPICON_NAME = AppIcon;
				CODE_SIGN_STYLE = Automatic;
				CURRENT_PROJECT_VERSION = 1;
				INFOPLIST_FILE = App/Info.plist;
				IPHONEOS_DEPLOYMENT_TARGET = 17.0;
				LD_RUNPATH_SEARCH_PATHS = (
					"$(inherited)",
					"@executable_path/Frameworks",
				);
				MARKETING_VERSION = 1.0;
				OTHER_SWIFT_FLAGS = "$(inherited) \"-D\" \"COCOAPODS\" \"-DDEBUG\"";
				CODE_SIGN_ENTITLEMENTS = App/App.entitlements;
				PRODUCT_BUNDLE_IDENTIFIER = ca.renovisionana.crm;
				PRODUCT_NAME = "$(TARGET_NAME)";
				SWIFT_ACTIVE_COMPILATION_CONDITIONS = DEBUG;
				SWIFT_VERSION = 5.0;
				TARGETED_DEVICE_FAMILY = "1,2";
			};
			name = Debug;
		};
		504EC3181FED79650016851F /* Release */ = {
			isa = XCBuildConfiguration;
			buildSettings = {
				ASSETCATALOG_COMPILER_APPICON_NAME = AppIcon;
				CODE_SIGN_STYLE = Automatic;
				CURRENT_PROJECT_VERSION = 1;
				INFOPLIST_FILE = App/Info.plist;
				IPHONEOS_DEPLOYMENT_TARGET = 17.0;
				LD_RUNPATH_SEARCH_PATHS = (
					"$(inherited)",
					"@executable_path/Frameworks",
				);
				MARKETING_VERSION = 1.0;
				CODE_SIGN_ENTITLEMENTS = App/App.entitlements;
				PRODUCT_BUNDLE_IDENTIFIER = ca.renovisionana.crm;
				PRODUCT_NAME = "$(TARGET_NAME)";
				SWIFT_ACTIVE_COMPILATION_CONDITIONS = "";
				SWIFT_VERSION = 5.0;
				TARGETED_DEVICE_FAMILY = "1,2";
			};
			name = Release;
		};
/* End XCBuildConfiguration section */

/* Begin XCConfigurationList section */
		504EC2FF1FED79650016851F /* Build configuration list for PBXProject "App" */ = {
			isa = XCConfigurationList;
			buildConfigurations = (
				504EC3141FED79650016851F /* Debug */,
				504EC3151FED79650016851F /* Release */,
			);
			defaultConfigurationIsVisible = 0;
			defaultConfigurationName = Release;
		};
		504EC3161FED79650016851F /* Build configuration list for PBXNativeTarget "App" */ = {
			isa = XCConfigurationList;
			buildConfigurations = (
				504EC3171FED79650016851F /* Debug */,
				504EC3181FED79650016851F /* Release */,
			);
			defaultConfigurationIsVisible = 0;
			defaultConfigurationName = Release;
		};
/* End XCConfigurationList section */

/* Begin XCRemoteSwiftPackageReference section */
		TW11L10PKG0000000000REF0 /* XCRemoteSwiftPackageReference "twilio-voice-ios" */ = {
			isa = XCRemoteSwiftPackageReference;
			repositoryURL = "https://github.com/twilio/twilio-voice-ios.git";
			requirement = {
				kind = upToNextMajorVersion;
				minimumVersion = 6.13.6;
			};
		};
/* End XCRemoteSwiftPackageReference section */

/* Begin XCLocalSwiftPackageReference section */
		D4C12C0A2AAA248700AAC8A2 /* XCLocalSwiftPackageReference "CapApp-SPM" */ = {
			isa = XCLocalSwiftPackageReference;
			relativePath = "CapApp-SPM";
		};
/* End XCLocalSwiftPackageReference section */

/* Begin XCSwiftPackageProductDependency section */
		4D22ABE82AF431CB00220026 /* CapApp-SPM */ = {
			isa = XCSwiftPackageProductDependency;
			package = D4C12C0A2AAA248700AAC8A2 /* XCLocalSwiftPackageReference "CapApp-SPM" */;
			productName = "CapApp-SPM";
		};
		TW11L10PROD000000000DEP0 /* TwilioVoice */ = {
			isa = XCSwiftPackageProductDependency;
			package = TW11L10PKG0000000000REF0 /* XCRemoteSwiftPackageReference "twilio-voice-ios" */;
			productName = TwilioVoice;
		};
/* End XCSwiftPackageProductDependency section */
	};
	rootObject = 504EC2FC1FED79650016851F /* Project object */;
}
