{
  "originHash" : "19e810a48f20450f3d0713a383789cd38a24c16c4a677eac5e634306acf5d3f0",
  "pins" : [
    {
      "identity" : "capacitor-swift-pm",
      "kind" : "remoteSourceControl",
      "location" : "https://github.com/ionic-team/capacitor-swift-pm.git",
      "state" : {
        "revision" : "4f71d0b979f2f957326f04353eca7604ee937e1e",
        "version" : "8.5.0"
      }
    },
    {
      "identity" : "ion-ios-camera",
      "kind" : "remoteSourceControl",
      "location" : "https://github.com/ionic-team/ion-ios-camera.git",
      "state" : {
        "revision" : "9068b2cc9584bfa118c185b8032bbebb3a4a2174",
        "version" : "1.0.5"
      }
    },
    {
      "identity" : "twilio-voice-ios",
      "kind" : "remoteSourceControl",
      "location" : "https://github.com/twilio/twilio-voice-ios.git",
      "state" : {
        "revision" : "62912513388001394d093b85a6269bf3206cac13",
        "version" : "6.13.6"
      }
    }
  ],
  "version" : 3
}
